
Microsoft Visual Studio Solution File, Format Version 12.00
# Visual Studio Version 17
VisualStudioVersion = 17.8.34330.188
MinimumVisualStudioVersion = 10.0.40219.1
Project("{9A19103F-16F7-4668-BE54-9A1E7A4F7556}") = "CoreWCF", "CoreWCF.csproj", "{0741E6A7-9535-4AEE-BE87-774B48B81836}"
EndProject
Global
	GlobalSection(SolutionConfigurationPlatforms) = preSolution
		Debug|Any CPU = Debug|Any CPU
		Release|Any CPU = Release|Any CPU
	EndGlobalSection
	GlobalSection(ProjectConfigurationPlatforms) = postSolution
		{0741E6A7-9535-4AEE-BE87-774B48B81836}.Debug|Any CPU.ActiveCfg = Debug|Any CPU
		{0741E6A7-9535-4AEE-BE87-774B48B81836}.Debug|Any CPU.Build.0 = Debug|Any CPU
		{0741E6A7-9535-4AEE-BE87-774B48B81836}.Release|Any CPU.ActiveCfg = Release|Any CPU
		{0741E6A7-9535-4AEE-BE87-774B48B81836}.Release|Any CPU.Build.0 = Release|Any CPU
	EndGlobalSection
	GlobalSection(SolutionProperties) = preSolution
		HideSolutionNode = FALSE
	EndGlobalSection
	GlobalSection(ExtensibilityGlobals) = postSolution
		SolutionGuid = {B5717FC6-C26E-4E6D-824A-CB75BCC8BD5C}
	EndGlobalSection
EndGlobal
